
Microsoft Visual Studio Solution File, Format Version 12.00
# Visual Studio Version 16
VisualStudioVersion = 16.0.30204.135
MinimumVisualStudioVersion = 10.0.40219.1
Project("{9A19103F-16F7-4668-BE54-9A1E7A4F7556}") = "KerasTest", "KerasTest.csproj", "{4ADB4B9B-473B-4C7F-A5B0-B10D5283FDDD}"
EndProject
Global
	GlobalSection(SolutionConfigurationPlatforms) = preSolution
		Debug|Any CPU = Debug|Any CPU
		Release|Any CPU = Release|Any CPU
	EndGlobalSection
	GlobalSection(ProjectConfigurationPlatforms) = postSolution
		{4ADB4B9B-473B-4C7F-A5B0-B10D5283FDDD}.Debug|Any CPU.ActiveCfg = Debug|Any CPU
		{4ADB4B9B-473B-4C7F-A5B0-B10D5283FDDD}.Debug|Any CPU.Build.0 = Debug|Any CPU
		{4ADB4B9B-473B-4C7F-A5B0-B10D5283FDDD}.Release|Any CPU.ActiveCfg = Release|Any CPU
		{4ADB4B9B-473B-4C7F-A5B0-B10D5283FDDD}.Release|Any CPU.Build.0 = Release|Any CPU
	EndGlobalSection
	GlobalSection(SolutionProperties) = preSolution
		HideSolutionNode = FALSE
	EndGlobalSection
	GlobalSection(ExtensibilityGlobals) = postSolution
		SolutionGuid = {33067D9A-44EC-4E1F-8804-BC89BF31D109}
	EndGlobalSection
EndGlobal
